
Microsoft Visual Studio Solution File, Format Version 12.00
# Visual Studio Version 17
VisualStudioVersion = 17.2.32630.192
MinimumVisualStudioVersion = 10.0.40219.1
Project("{9A19103F-16F7-4668-BE54-9A1E7A4F7556}") = "R5T.F0130.Construction", "R5T.F0130.Construction\R5T.F0130.Construction.csproj", "{F8785CE4-03AA-40CD-BF8C-77DB7271CBEC}"
EndProject
Project("{9A19103F-16F7-4668-BE54-9A1E7A4F7556}") = "R5T.F0130", "R5T.F0130\R5T.F0130.csproj", "{2419E4BA-1F2A-48D6-9746-B10E4C9DDB22}"
EndProject
Project("{2150E333-8FDC-42A3-9474-1A3956D46DE8}") = "_Dependencies", "_Dependencies", "{CAF8F343-1EF5-4520-A274-08B711EB830B}"
EndProject
Project("{9A19103F-16F7-4668-BE54-9A1E7A4F7556}") = "R5T.F0000", "..\..\R5T.F0000\source\R5T.F0000\R5T.F0000.csproj", "{335C5EAF-22CB-41CE-8781-6F1108008E8F}"
EndProject
Project("{9A19103F-16F7-4668-BE54-9A1E7A4F7556}") = "R5T.F0002", "..\..\R5T.F0002\source\R5T.F0002\R5T.F0002.csproj", "{736386F0-32DB-4BDE-8AF5-9D447985BCC2}"
EndProject
Project("{9A19103F-16F7-4668-BE54-9A1E7A4F7556}") = "R5T.F0120", "..\..\R5T.F0120\source\R5T.F0120\R5T.F0120.csproj", "{0C3A07AB-F68F-4039-A6D5-62D0695D1A8F}"
EndProject
Project("{9A19103F-16F7-4668-BE54-9A1E7A4F7556}") = "R5T.F0124", "..\..\R5T.F0124\source\R5T.F0124\R5T.F0124.csproj", "{AAD521BD-EB9D-4C7B-A29E-BCB994E08C45}"
EndProject
Project("{9A19103F-16F7-4668-BE54-9A1E7A4F7556}") = "R5T.F0125", "..\..\R5T.F0125\source\R5T.F0125\R5T.F0125.csproj", "{1E033B8F-2C20-4630-AB30-DCC34ECA6793}"
EndProject
Project("{9A19103F-16F7-4668-BE54-9A1E7A4F7556}") = "R5T.L0030.T000", "..\..\R5T.L0030\source\R5T.L0030.T000\R5T.L0030.T000.csproj", "{87453F2F-0490-4E3A-B182-7C6D7AD2E95C}"
EndProject
Project("{9A19103F-16F7-4668-BE54-9A1E7A4F7556}") = "R5T.L0030", "..\..\R5T.L0030\source\R5T.L0030\R5T.L0030.csproj", "{F62101FE-6476-4F4C-AE9E-DC806734EC0E}"
EndProject
Project("{9A19103F-16F7-4668-BE54-9A1E7A4F7556}") = "R5T.L0034", "..\..\R5T.L0034\source\R5T.L0034\R5T.L0034.csproj", "{ABBA9F7A-7046-4EF6-84F6-A0F6AF9D10D8}"
EndProject
Project("{9A19103F-16F7-4668-BE54-9A1E7A4F7556}") = "R5T.L0035", "..\..\R5T.L0035\source\R5T.L0035\R5T.L0035.csproj", "{F079ADAF-E9F2-47C7-A9C9-E2F6D7ACFEDA}"
EndProject
Project("{9A19103F-16F7-4668-BE54-9A1E7A4F7556}") = "R5T.T0131", "..\..\R5T.T0131\source\R5T.T0131\R5T.T0131.csproj", "{94E48EE9-7714-42A0-B59F-D015BD88E623}"
EndProject
Project("{9A19103F-16F7-4668-BE54-9A1E7A4F7556}") = "R5T.T0132", "..\..\R5T.T0132\source\R5T.T0132\R5T.T0132.csproj", "{7B1B55E6-20D1-48CD-A136-492FF257D7CC}"
EndProject
Project("{9A19103F-16F7-4668-BE54-9A1E7A4F7556}") = "R5T.T0142", "..\..\R5T.T0142\source\R5T.T0142\R5T.T0142.csproj", "{CF775620-D424-4793-B3E8-ACCD955C587D}"
EndProject
Project("{9A19103F-16F7-4668-BE54-9A1E7A4F7556}") = "R5T.T0143", "..\..\R5T.T0143\source\R5T.T0143\R5T.T0143.csproj", "{9C06FC28-1A27-499A-B78C-0969AECFB2C3}"
EndProject
Project("{9A19103F-16F7-4668-BE54-9A1E7A4F7556}") = "R5T.T0156", "..\..\R5T.T0156\source\R5T.T0156\R5T.T0156.csproj", "{F8050A3A-62C4-4B3D-BEEC-916031100B65}"
EndProject
Project("{9A19103F-16F7-4668-BE54-9A1E7A4F7556}") = "R5T.T0174", "..\..\R5T.T0174\source\R5T.T0174\R5T.T0174.csproj", "{946BE6D6-6B44-431D-9426-26F1945C2791}"
EndProject
Project("{9A19103F-16F7-4668-BE54-9A1E7A4F7556}") = "R5T.T0176", "..\..\R5T.T0176\source\R5T.T0176\R5T.T0176.csproj", "{460C2D41-9768-4E8B-9555-EF70DD83BCD9}"
EndProject
Project("{9A19103F-16F7-4668-BE54-9A1E7A4F7556}") = "R5T.T0177", "..\..\R5T.T0177\source\R5T.T0177\R5T.T0177.csproj", "{14E45BA4-719B-4912-BA59-BED58B6F8B8E}"
EndProject
Project("{9A19103F-16F7-4668-BE54-9A1E7A4F7556}") = "R5T.T0178", "..\..\R5T.T0178\source\R5T.T0178\R5T.T0178.csproj", "{2DB31B92-A4D3-490B-AD01-F1191C617B98}"
EndProject
Project("{9A19103F-16F7-4668-BE54-9A1E7A4F7556}") = "R5T.T0179", "..\..\R5T.T0179\source\R5T.T0179\R5T.T0179.csproj", "{90AAA8BF-EB8A-4CAD-87B8-EEFE3515D3AB}"
EndProject
Project("{9A19103F-16F7-4668-BE54-9A1E7A4F7556}") = "R5T.T0180", "..\..\R5T.T0180\source\R5T.T0180\R5T.T0180.csproj", "{DFF65A70-07A6-44BE-B37D-1AD21914AAE0}"
EndProject
Project("{9A19103F-16F7-4668-BE54-9A1E7A4F7556}") = "R5T.T0181", "..\..\R5T.T0181\source\R5T.T0181\R5T.T0181.csproj", "{901496AB-3C08-4B6B-9A93-7AA819211888}"
EndProject
Project("{9A19103F-16F7-4668-BE54-9A1E7A4F7556}") = "R5T.Y0000", "..\..\R5T.Y0000\source\R5T.Y0000\R5T.Y0000.csproj", "{D9C4E991-772B-4753-9F77-E520E17A338B}"
EndProject
Project("{9A19103F-16F7-4668-BE54-9A1E7A4F7556}") = "R5T.Z0000", "..\..\R5T.Z0000\source\R5T.Z0000\R5T.Z0000.csproj", "{3A626924-6A53-4473-BDD2-425590B683BE}"
EndProject
Project("{9A19103F-16F7-4668-BE54-9A1E7A4F7556}") = "R5T.T0150", "..\..\R5T.T0150\source\R5T.T0150\R5T.T0150.csproj", "{7D19789E-B4F3-4E58-84C7-24200B934248}"
EndProject
Project("{9A19103F-16F7-4668-BE54-9A1E7A4F7556}") = "R5T.T0151", "..\..\R5T.T0151\source\R5T.T0151\R5T.T0151.csproj", "{A46E6176-F334-4763-9AB7-116243F1407F}"
EndProject
Project("{9A19103F-16F7-4668-BE54-9A1E7A4F7556}") = "R5T.T0172", "..\..\R5T.T0172\source\R5T.T0172\R5T.T0172.csproj", "{359A50CF-4F23-4FDD-AA3B-B20998648ED2}"
EndProject
Project("{9A19103F-16F7-4668-BE54-9A1E7A4F7556}") = "R5T.T0185", "..\..\R5T.T0185\source\R5T.T0185\R5T.T0185.csproj", "{6A9C3343-103C-4D12-B960-A8F6724486BF}"
EndProject
Project("{9A19103F-16F7-4668-BE54-9A1E7A4F7556}") = "R5T.T0187", "..\..\R5T.T0187\source\R5T.T0187\R5T.T0187.csproj", "{BBFFCAA8-A642-4A4A-BFCB-40EB91B688C2}"
EndProject
Project("{9A19103F-16F7-4668-BE54-9A1E7A4F7556}") = "R5T.Z0044.Z001", "..\..\R5T.Z0044\source\R5T.Z0044.Z001\R5T.Z0044.Z001.csproj", "{29CFE837-0EE1-492A-B8EB-01CCF7D9050C}"
EndProject
Global
	GlobalSection(NestedProjects) = preSolution
		{335C5EAF-22CB-41CE-8781-6F1108008E8F} = {CAF8F343-1EF5-4520-A274-08B711EB830B}
		{736386F0-32DB-4BDE-8AF5-9D447985BCC2} = {CAF8F343-1EF5-4520-A274-08B711EB830B}
		{0C3A07AB-F68F-4039-A6D5-62D0695D1A8F} = {CAF8F343-1EF5-4520-A274-08B711EB830B}
		{AAD521BD-EB9D-4C7B-A29E-BCB994E08C45} = {CAF8F343-1EF5-4520-A274-08B711EB830B}
		{1E033B8F-2C20-4630-AB30-DCC34ECA6793} = {CAF8F343-1EF5-4520-A274-08B711EB830B}
		{87453F2F-0490-4E3A-B182-7C6D7AD2E95C} = {CAF8F343-1EF5-4520-A274-08B711EB830B}
		{F62101FE-6476-4F4C-AE9E-DC806734EC0E} = {CAF8F343-1EF5-4520-A274-08B711EB830B}
		{ABBA9F7A-7046-4EF6-84F6-A0F6AF9D10D8} = {CAF8F343-1EF5-4520-A274-08B711EB830B}
		{F079ADAF-E9F2-47C7-A9C9-E2F6D7ACFEDA} = {CAF8F343-1EF5-4520-A274-08B711EB830B}
		{94E48EE9-7714-42A0-B59F-D015BD88E623} = {CAF8F343-1EF5-4520-A274-08B711EB830B}
		{7B1B55E6-20D1-48CD-A136-492FF257D7CC} = {CAF8F343-1EF5-4520-A274-08B711EB830B}
		{CF775620-D424-4793-B3E8-ACCD955C587D} = {CAF8F343-1EF5-4520-A274-08B711EB830B}
		{9C06FC28-1A27-499A-B78C-0969AECFB2C3} = {CAF8F343-1EF5-4520-A274-08B711EB830B}
		{F8050A3A-62C4-4B3D-BEEC-916031100B65} = {CAF8F343-1EF5-4520-A274-08B711EB830B}
		{946BE6D6-6B44-431D-9426-26F1945C2791} = {CAF8F343-1EF5-4520-A274-08B711EB830B}
		{460C2D41-9768-4E8B-9555-EF70DD83BCD9} = {CAF8F343-1EF5-4520-A274-08B711EB830B}
		{14E45BA4-719B-4912-BA59-BED58B6F8B8E} = {CAF8F343-1EF5-4520-A274-08B711EB830B}
		{2DB31B92-A4D3-490B-AD01-F1191C617B98} = {CAF8F343-1EF5-4520-A274-08B711EB830B}
		{90AAA8BF-EB8A-4CAD-87B8-EEFE3515D3AB} = {CAF8F343-1EF5-4520-A274-08B711EB830B}
		{DFF65A70-07A6-44BE-B37D-1AD21914AAE0} = {CAF8F343-1EF5-4520-A274-08B711EB830B}
		{901496AB-3C08-4B6B-9A93-7AA819211888} = {CAF8F343-1EF5-4520-A274-08B711EB830B}
		{D9C4E991-772B-4753-9F77-E520E17A338B} = {CAF8F343-1EF5-4520-A274-08B711EB830B}
		{3A626924-6A53-4473-BDD2-425590B683BE} = {CAF8F343-1EF5-4520-A274-08B711EB830B}
		{7D19789E-B4F3-4E58-84C7-24200B934248} = {CAF8F343-1EF5-4520-A274-08B711EB830B}
		{A46E6176-F334-4763-9AB7-116243F1407F} = {CAF8F343-1EF5-4520-A274-08B711EB830B}
		{359A50CF-4F23-4FDD-AA3B-B20998648ED2} = {CAF8F343-1EF5-4520-A274-08B711EB830B}
		{6A9C3343-103C-4D12-B960-A8F6724486BF} = {CAF8F343-1EF5-4520-A274-08B711EB830B}
		{BBFFCAA8-A642-4A4A-BFCB-40EB91B688C2} = {CAF8F343-1EF5-4520-A274-08B711EB830B}
		{29CFE837-0EE1-492A-B8EB-01CCF7D9050C} = {CAF8F343-1EF5-4520-A274-08B711EB830B}
	EndGlobalSection
	GlobalSection(SolutionConfigurationPlatforms) = preSolution
		Debug|Any CPU = Debug|Any CPU
		Release|Any CPU = Release|Any CPU
	EndGlobalSection
	GlobalSection(ProjectConfigurationPlatforms) = postSolution
		{F8785CE4-03AA-40CD-BF8C-77DB7271CBEC}.Debug|Any CPU.ActiveCfg = Debug|Any CPU
		{F8785CE4-03AA-40CD-BF8C-77DB7271CBEC}.Debug|Any CPU.Build.0 = Debug|Any CPU
		{F8785CE4-03AA-40CD-BF8C-77DB7271CBEC}.Release|Any CPU.ActiveCfg = Release|Any CPU
		{F8785CE4-03AA-40CD-BF8C-77DB7271CBEC}.Release|Any CPU.Build.0 = Release|Any CPU
		{2419E4BA-1F2A-48D6-9746-B10E4C9DDB22}.Debug|Any CPU.ActiveCfg = Debug|Any CPU
		{2419E4BA-1F2A-48D6-9746-B10E4C9DDB22}.Debug|Any CPU.Build.0 = Debug|Any CPU
		{2419E4BA-1F2A-48D6-9746-B10E4C9DDB22}.Release|Any CPU.ActiveCfg = Release|Any CPU
		{2419E4BA-1F2A-48D6-9746-B10E4C9DDB22}.Release|Any CPU.Build.0 = Release|Any CPU
		{335C5EAF-22CB-41CE-8781-6F1108008E8F}.Debug|Any CPU.ActiveCfg = Debug|Any CPU
		{335C5EAF-22CB-41CE-8781-6F1108008E8F}.Debug|Any CPU.Build.0 = Debug|Any CPU
		{335C5EAF-22CB-41CE-8781-6F1108008E8F}.Release|Any CPU.ActiveCfg = Release|Any CPU
		{335C5EAF-22CB-41CE-8781-6F1108008E8F}.Release|Any CPU.Build.0 = Release|Any CPU
		{736386F0-32DB-4BDE-8AF5-9D447985BCC2}.Debug|Any CPU.ActiveCfg = Debug|Any CPU
		{736386F0-32DB-4BDE-8AF5-9D447985BCC2}.Debug|Any CPU.Build.0 = Debug|Any CPU
		{736386F0-32DB-4BDE-8AF5-9D447985BCC2}.Release|Any CPU.ActiveCfg = Release|Any CPU
		{736386F0-32DB-4BDE-8AF5-9D447985BCC2}.Release|Any CPU.Build.0 = Release|Any CPU
		{0C3A07AB-F68F-4039-A6D5-62D0695D1A8F}.Debug|Any CPU.ActiveCfg = Debug|Any CPU
		{0C3A07AB-F68F-4039-A6D5-62D0695D1A8F}.Debug|Any CPU.Build.0 = Debug|Any CPU
		{0C3A07AB-F68F-4039-A6D5-62D0695D1A8F}.Release|Any CPU.ActiveCfg = Release|Any CPU
		{0C3A07AB-F68F-4039-A6D5-62D0695D1A8F}.Release|Any CPU.Build.0 = Release|Any CPU
		{AAD521BD-EB9D-4C7B-A29E-BCB994E08C45}.Debug|Any CPU.ActiveCfg = Debug|Any CPU
		{AAD521BD-EB9D-4C7B-A29E-BCB994E08C45}.Debug|Any CPU.Build.0 = Debug|Any CPU
		{AAD521BD-EB9D-4C7B-A29E-BCB994E08C45}.Release|Any CPU.ActiveCfg = Release|Any CPU
		{AAD521BD-EB9D-4C7B-A29E-BCB994E08C45}.Release|Any CPU.Build.0 = Release|Any CPU
		{1E033B8F-2C20-4630-AB30-DCC34ECA6793}.Debug|Any CPU.ActiveCfg = Debug|Any CPU
		{1E033B8F-2C20-4630-AB30-DCC34ECA6793}.Debug|Any CPU.Build.0 = Debug|Any CPU
		{1E033B8F-2C20-4630-AB30-DCC34ECA6793}.Release|Any CPU.ActiveCfg = Release|Any CPU
		{1E033B8F-2C20-4630-AB30-DCC34ECA6793}.Release|Any CPU.Build.0 = Release|Any CPU
		{87453F2F-0490-4E3A-B182-7C6D7AD2E95C}.Debug|Any CPU.ActiveCfg = Debug|Any CPU
		{87453F2F-0490-4E3A-B182-7C6D7AD2E95C}.Debug|Any CPU.Build.0 = Debug|Any CPU
		{87453F2F-0490-4E3A-B182-7C6D7AD2E95C}.Release|Any CPU.ActiveCfg = Release|Any CPU
		{87453F2F-0490-4E3A-B182-7C6D7AD2E95C}.Release|Any CPU.Build.0 = Release|Any CPU
		{F62101FE-6476-4F4C-AE9E-DC806734EC0E}.Debug|Any CPU.ActiveCfg = Debug|Any CPU
		{F62101FE-6476-4F4C-AE9E-DC806734EC0E}.Debug|Any CPU.Build.0 = Debug|Any CPU
		{F62101FE-6476-4F4C-AE9E-DC806734EC0E}.Release|Any CPU.ActiveCfg = Release|Any CPU
		{F62101FE-6476-4F4C-AE9E-DC806734EC0E}.Release|Any CPU.Build.0 = Release|Any CPU
		{ABBA9F7A-7046-4EF6-84F6-A0F6AF9D10D8}.Debug|Any CPU.ActiveCfg = Debug|Any CPU
		{ABBA9F7A-7046-4EF6-84F6-A0F6AF9D10D8}.Debug|Any CPU.Build.0 = Debug|Any CPU
		{ABBA9F7A-7046-4EF6-84F6-A0F6AF9D10D8}.Release|Any CPU.ActiveCfg = Release|Any CPU
		{ABBA9F7A-7046-4EF6-84F6-A0F6AF9D10D8}.Release|Any CPU.Build.0 = Release|Any CPU
		{F079ADAF-E9F2-47C7-A9C9-E2F6D7ACFEDA}.Debug|Any CPU.ActiveCfg = Debug|Any CPU
		{F079ADAF-E9F2-47C7-A9C9-E2F6D7ACFEDA}.Debug|Any CPU.Build.0 = Debug|Any CPU
		{F079ADAF-E9F2-47C7-A9C9-E2F6D7ACFEDA}.Release|Any CPU.ActiveCfg = Release|Any CPU
		{F079ADAF-E9F2-47C7-A9C9-E2F6D7ACFEDA}.Release|Any CPU.Build.0 = Release|Any CPU
		{94E48EE9-7714-42A0-B59F-D015BD88E623}.Debug|Any CPU.ActiveCfg = Debug|Any CPU
		{94E48EE9-7714-42A0-B59F-D015BD88E623}.Debug|Any CPU.Build.0 = Debug|Any CPU
		{94E48EE9-7714-42A0-B59F-D015BD88E623}.Release|Any CPU.ActiveCfg = Release|Any CPU
		{94E48EE9-7714-42A0-B59F-D015BD88E623}.Release|Any CPU.Build.0 = Release|Any CPU
		{7B1B55E6-20D1-48CD-A136-492FF257D7CC}.Debug|Any CPU.ActiveCfg = Debug|Any CPU
		{7B1B55E6-20D1-48CD-A136-492FF257D7CC}.Debug|Any CPU.Build.0 = Debug|Any CPU
		{7B1B55E6-20D1-48CD-A136-492FF257D7CC}.Release|Any CPU.ActiveCfg = Release|Any CPU
		{7B1B55E6-20D1-48CD-A136-492FF257D7CC}.Release|Any CPU.Build.0 = Release|Any CPU
		{CF775620-D424-4793-B3E8-ACCD955C587D}.Debug|Any CPU.ActiveCfg = Debug|Any CPU
		{CF775620-D424-4793-B3E8-ACCD955C587D}.Debug|Any CPU.Build.0 = Debug|Any CPU
		{CF775620-D424-4793-B3E8-ACCD955C587D}.Release|Any CPU.ActiveCfg = Release|Any CPU
		{CF775620-D424-4793-B3E8-ACCD955C587D}.Release|Any CPU.Build.0 = Release|Any CPU
		{9C06FC28-1A27-499A-B78C-0969AECFB2C3}.Debug|Any CPU.ActiveCfg = Debug|Any CPU
		{9C06FC28-1A27-499A-B78C-0969AECFB2C3}.Debug|Any CPU.Build.0 = Debug|Any CPU
		{9C06FC28-1A27-499A-B78C-0969AECFB2C3}.Release|Any CPU.ActiveCfg = Release|Any CPU
		{9C06FC28-1A27-499A-B78C-0969AECFB2C3}.Release|Any CPU.Build.0 = Release|Any CPU
		{F8050A3A-62C4-4B3D-BEEC-916031100B65}.Debug|Any CPU.ActiveCfg = Debug|Any CPU
		{F8050A3A-62C4-4B3D-BEEC-916031100B65}.Debug|Any CPU.Build.0 = Debug|Any CPU
		{F8050A3A-62C4-4B3D-BEEC-916031100B65}.Release|Any CPU.ActiveCfg = Release|Any CPU
		{F8050A3A-62C4-4B3D-BEEC-916031100B65}.Release|Any CPU.Build.0 = Release|Any CPU
		{946BE6D6-6B44-431D-9426-26F1945C2791}.Debug|Any CPU.ActiveCfg = Debug|Any CPU
		{946BE6D6-6B44-431D-9426-26F1945C2791}.Debug|Any CPU.Build.0 = Debug|Any CPU
		{946BE6D6-6B44-431D-9426-26F1945C2791}.Release|Any CPU.ActiveCfg = Release|Any CPU
		{946BE6D6-6B44-431D-9426-26F1945C2791}.Release|Any CPU.Build.0 = Release|Any CPU
		{460C2D41-9768-4E8B-9555-EF70DD83BCD9}.Debug|Any CPU.ActiveCfg = Debug|Any CPU
		{460C2D41-9768-4E8B-9555-EF70DD83BCD9}.Debug|Any CPU.Build.0 = Debug|Any CPU
		{460C2D41-9768-4E8B-9555-EF70DD83BCD9}.Release|Any CPU.ActiveCfg = Release|Any CPU
		{460C2D41-9768-4E8B-9555-EF70DD83BCD9}.Release|Any CPU.Build.0 = Release|Any CPU
		{14E45BA4-719B-4912-BA59-BED58B6F8B8E}.Debug|Any CPU.ActiveCfg = Debug|Any CPU
		{14E45BA4-719B-4912-BA59-BED58B6F8B8E}.Debug|Any CPU.Build.0 = Debug|Any CPU
		{14E45BA4-719B-4912-BA59-BED58B6F8B8E}.Release|Any CPU.ActiveCfg = Release|Any CPU
		{14E45BA4-719B-4912-BA59-BED58B6F8B8E}.Release|Any CPU.Build.0 = Release|Any CPU
		{2DB31B92-A4D3-490B-AD01-F1191C617B98}.Debug|Any CPU.ActiveCfg = Debug|Any CPU
		{2DB31B92-A4D3-490B-AD01-F1191C617B98}.Debug|Any CPU.Build.0 = Debug|Any CPU
		{2DB31B92-A4D3-490B-AD01-F1191C617B98}.Release|Any CPU.ActiveCfg = Release|Any CPU
		{2DB31B92-A4D3-490B-AD01-F1191C617B98}.Release|Any CPU.Build.0 = Release|Any CPU
		{90AAA8BF-EB8A-4CAD-87B8-EEFE3515D3AB}.Debug|Any CPU.ActiveCfg = Debug|Any CPU
		{90AAA8BF-EB8A-4CAD-87B8-EEFE3515D3AB}.Debug|Any CPU.Build.0 = Debug|Any CPU
		{90AAA8BF-EB8A-4CAD-87B8-EEFE3515D3AB}.Release|Any CPU.ActiveCfg = Release|Any CPU
		{90AAA8BF-EB8A-4CAD-87B8-EEFE3515D3AB}.Release|Any CPU.Build.0 = Release|Any CPU
		{DFF65A70-07A6-44BE-B37D-1AD21914AAE0}.Debug|Any CPU.ActiveCfg = Debug|Any CPU
		{DFF65A70-07A6-44BE-B37D-1AD21914AAE0}.Debug|Any CPU.Build.0 = Debug|Any CPU
		{DFF65A70-07A6-44BE-B37D-1AD21914AAE0}.Release|Any CPU.ActiveCfg = Release|Any CPU
		{DFF65A70-07A6-44BE-B37D-1AD21914AAE0}.Release|Any CPU.Build.0 = Release|Any CPU
		{901496AB-3C08-4B6B-9A93-7AA819211888}.Debug|Any CPU.ActiveCfg = Debug|Any CPU
		{901496AB-3C08-4B6B-9A93-7AA819211888}.Debug|Any CPU.Build.0 = Debug|Any CPU
		{901496AB-3C08-4B6B-9A93-7AA819211888}.Release|Any CPU.ActiveCfg = Release|Any CPU
		{901496AB-3C08-4B6B-9A93-7AA819211888}.Release|Any CPU.Build.0 = Release|Any CPU
		{D9C4E991-772B-4753-9F77-E520E17A338B}.Debug|Any CPU.ActiveCfg = Debug|Any CPU
		{D9C4E991-772B-4753-9F77-E520E17A338B}.Debug|Any CPU.Build.0 = Debug|Any CPU
		{D9C4E991-772B-4753-9F77-E520E17A338B}.Release|Any CPU.ActiveCfg = Release|Any CPU
		{D9C4E991-772B-4753-9F77-E520E17A338B}.Release|Any CPU.Build.0 = Release|Any CPU
		{3A626924-6A53-4473-BDD2-425590B683BE}.Debug|Any CPU.ActiveCfg = Debug|Any CPU
		{3A626924-6A53-4473-BDD2-425590B683BE}.Debug|Any CPU.Build.0 = Debug|Any CPU
		{3A626924-6A53-4473-BDD2-425590B683BE}.Release|Any CPU.ActiveCfg = Release|Any CPU
		{3A626924-6A53-4473-BDD2-425590B683BE}.Release|Any CPU.Build.0 = Release|Any CPU
		{7D19789E-B4F3-4E58-84C7-24200B934248}.Debug|Any CPU.ActiveCfg = Debug|Any CPU
		{7D19789E-B4F3-4E58-84C7-24200B934248}.Debug|Any CPU.Build.0 = Debug|Any CPU
		{7D19789E-B4F3-4E58-84C7-24200B934248}.Release|Any CPU.ActiveCfg = Release|Any CPU
		{7D19789E-B4F3-4E58-84C7-24200B934248}.Release|Any CPU.Build.0 = Release|Any CPU
		{A46E6176-F334-4763-9AB7-116243F1407F}.Debug|Any CPU.ActiveCfg = Debug|Any CPU
		{A46E6176-F334-4763-9AB7-116243F1407F}.Debug|Any CPU.Build.0 = Debug|Any CPU
		{A46E6176-F334-4763-9AB7-116243F1407F}.Release|Any CPU.ActiveCfg = Release|Any CPU
		{A46E6176-F334-4763-9AB7-116243F1407F}.Release|Any CPU.Build.0 = Release|Any CPU
		{359A50CF-4F23-4FDD-AA3B-B20998648ED2}.Debug|Any CPU.ActiveCfg = Debug|Any CPU
		{359A50CF-4F23-4FDD-AA3B-B20998648ED2}.Debug|Any CPU.Build.0 = Debug|Any CPU
		{359A50CF-4F23-4FDD-AA3B-B20998648ED2}.Release|Any CPU.ActiveCfg = Release|Any CPU
		{359A50CF-4F23-4FDD-AA3B-B20998648ED2}.Release|Any CPU.Build.0 = Release|Any CPU
		{6A9C3343-103C-4D12-B960-A8F6724486BF}.Debug|Any CPU.ActiveCfg = Debug|Any CPU
		{6A9C3343-103C-4D12-B960-A8F6724486BF}.Debug|Any CPU.Build.0 = Debug|Any CPU
		{6A9C3343-103C-4D12-B960-A8F6724486BF}.Release|Any CPU.ActiveCfg = Release|Any CPU
		{6A9C3343-103C-4D12-B960-A8F6724486BF}.Release|Any CPU.Build.0 = Release|Any CPU
		{BBFFCAA8-A642-4A4A-BFCB-40EB91B688C2}.Debug|Any CPU.ActiveCfg = Debug|Any CPU
		{BBFFCAA8-A642-4A4A-BFCB-40EB91B688C2}.Debug|Any CPU.Build.0 = Debug|Any CPU
		{BBFFCAA8-A642-4A4A-BFCB-40EB91B688C2}.Release|Any CPU.ActiveCfg = Release|Any CPU
		{BBFFCAA8-A642-4A4A-BFCB-40EB91B688C2}.Release|Any CPU.Build.0 = Release|Any CPU
		{29CFE837-0EE1-492A-B8EB-01CCF7D9050C}.Debug|Any CPU.ActiveCfg = Debug|Any CPU
		{29CFE837-0EE1-492A-B8EB-01CCF7D9050C}.Debug|Any CPU.Build.0 = Debug|Any CPU
		{29CFE837-0EE1-492A-B8EB-01CCF7D9050C}.Release|Any CPU.ActiveCfg = Release|Any CPU
		{29CFE837-0EE1-492A-B8EB-01CCF7D9050C}.Release|Any CPU.Build.0 = Release|Any CPU
	EndGlobalSection
	GlobalSection(SolutionProperties) = preSolution
		HideSolutionNode = FALSE
	EndGlobalSection
	GlobalSection(ExtensibilityGlobals) = postSolution
		SolutionGuid = {D113A2D0-EBED-4972-90B3-C0A73BB7B27C}
	EndGlobalSection
EndGlobal
