
Microsoft Visual Studio Solution File, Format Version 12.00
# Visual Studio Version 17
VisualStudioVersion = 17.2.32630.192
MinimumVisualStudioVersion = 10.0.40219.1
Project("{9A19103F-16F7-4668-BE54-9A1E7A4F7556}") = "R5T.F0130", "R5T.F0130\R5T.F0130.csproj", "{9C5D6095-22C8-4B8D-8ABC-B71C66C305C8}"
EndProject
Project("{2150E333-8FDC-42A3-9474-1A3956D46DE8}") = "_Dependencies", "_Dependencies", "{D28CB731-98D4-45D4-AD5A-A2FCF50CBE9D}"
EndProject
Project("{9A19103F-16F7-4668-BE54-9A1E7A4F7556}") = "R5T.F0000", "..\..\R5T.F0000\source\R5T.F0000\R5T.F0000.csproj", "{BD582A0B-04A8-4CFB-AFF5-DB722C0D7AC5}"
EndProject
Project("{9A19103F-16F7-4668-BE54-9A1E7A4F7556}") = "R5T.F0002", "..\..\R5T.F0002\source\R5T.F0002\R5T.F0002.csproj", "{E2EDDDC5-1110-4087-A9F4-340079842343}"
EndProject
Project("{9A19103F-16F7-4668-BE54-9A1E7A4F7556}") = "R5T.F0120", "..\..\R5T.F0120\source\R5T.F0120\R5T.F0120.csproj", "{7CFC71B5-8606-425E-9AA5-00D75697C4A9}"
EndProject
Project("{9A19103F-16F7-4668-BE54-9A1E7A4F7556}") = "R5T.F0124", "..\..\R5T.F0124\source\R5T.F0124\R5T.F0124.csproj", "{A5429778-DB52-4E97-9998-C2EF9E5FAFE6}"
EndProject
Project("{9A19103F-16F7-4668-BE54-9A1E7A4F7556}") = "R5T.F0125", "..\..\R5T.F0125\source\R5T.F0125\R5T.F0125.csproj", "{2025DC59-396C-488B-A1F3-87437A5642D7}"
EndProject
Project("{9A19103F-16F7-4668-BE54-9A1E7A4F7556}") = "R5T.L0030.T000", "..\..\R5T.L0030\source\R5T.L0030.T000\R5T.L0030.T000.csproj", "{1CD84A80-BAD2-46C9-91C7-0BC6D973DA88}"
EndProject
Project("{9A19103F-16F7-4668-BE54-9A1E7A4F7556}") = "R5T.L0030", "..\..\R5T.L0030\source\R5T.L0030\R5T.L0030.csproj", "{88A4AEA5-DDC0-43CB-A010-EDE3B43F9B42}"
EndProject
Project("{9A19103F-16F7-4668-BE54-9A1E7A4F7556}") = "R5T.L0034", "..\..\R5T.L0034\source\R5T.L0034\R5T.L0034.csproj", "{016B993A-A607-4261-8C96-52FFBF6A9DBA}"
EndProject
Project("{9A19103F-16F7-4668-BE54-9A1E7A4F7556}") = "R5T.L0035", "..\..\R5T.L0035\source\R5T.L0035\R5T.L0035.csproj", "{8E6EEACC-90F1-4DBF-B4D0-50AD67290399}"
EndProject
Project("{9A19103F-16F7-4668-BE54-9A1E7A4F7556}") = "R5T.T0131", "..\..\R5T.T0131\source\R5T.T0131\R5T.T0131.csproj", "{78929E21-2F50-400E-8B6F-954C212FB3D7}"
EndProject
Project("{9A19103F-16F7-4668-BE54-9A1E7A4F7556}") = "R5T.T0132", "..\..\R5T.T0132\source\R5T.T0132\R5T.T0132.csproj", "{1AA6098B-F723-4915-96FA-1FC160E6AF9E}"
EndProject
Project("{9A19103F-16F7-4668-BE54-9A1E7A4F7556}") = "R5T.T0142", "..\..\R5T.T0142\source\R5T.T0142\R5T.T0142.csproj", "{645CAEA1-EF93-4C16-913C-BE769C1C163D}"
EndProject
Project("{9A19103F-16F7-4668-BE54-9A1E7A4F7556}") = "R5T.T0143", "..\..\R5T.T0143\source\R5T.T0143\R5T.T0143.csproj", "{B2221F7F-999D-4605-A0B8-DCF5F2895A6D}"
EndProject
Project("{9A19103F-16F7-4668-BE54-9A1E7A4F7556}") = "R5T.T0156", "..\..\R5T.T0156\source\R5T.T0156\R5T.T0156.csproj", "{BE10A78C-BF15-4616-90E6-9246D2E36026}"
EndProject
Project("{9A19103F-16F7-4668-BE54-9A1E7A4F7556}") = "R5T.T0174", "..\..\R5T.T0174\source\R5T.T0174\R5T.T0174.csproj", "{DA1DF03C-A0C1-48FD-BD6D-9C66C88EC29E}"
EndProject
Project("{9A19103F-16F7-4668-BE54-9A1E7A4F7556}") = "R5T.T0176", "..\..\R5T.T0176\source\R5T.T0176\R5T.T0176.csproj", "{64C7C060-4184-42CB-A6F9-FCACCE29CF71}"
EndProject
Project("{9A19103F-16F7-4668-BE54-9A1E7A4F7556}") = "R5T.T0177", "..\..\R5T.T0177\source\R5T.T0177\R5T.T0177.csproj", "{75A40755-3DB8-40D4-9D29-3D372C855836}"
EndProject
Project("{9A19103F-16F7-4668-BE54-9A1E7A4F7556}") = "R5T.T0178", "..\..\R5T.T0178\source\R5T.T0178\R5T.T0178.csproj", "{A8F9B0F2-29E4-45AE-8680-DBF681D3A249}"
EndProject
Project("{9A19103F-16F7-4668-BE54-9A1E7A4F7556}") = "R5T.T0179", "..\..\R5T.T0179\source\R5T.T0179\R5T.T0179.csproj", "{EEA523DE-CF04-455A-81FD-4C013839EC55}"
EndProject
Project("{9A19103F-16F7-4668-BE54-9A1E7A4F7556}") = "R5T.T0180", "..\..\R5T.T0180\source\R5T.T0180\R5T.T0180.csproj", "{09E56D15-7172-458B-A2C8-985A154AD743}"
EndProject
Project("{9A19103F-16F7-4668-BE54-9A1E7A4F7556}") = "R5T.T0181", "..\..\R5T.T0181\source\R5T.T0181\R5T.T0181.csproj", "{86D6DFDB-3C3B-422B-B096-1ABA3AEADE59}"
EndProject
Project("{9A19103F-16F7-4668-BE54-9A1E7A4F7556}") = "R5T.Y0000", "..\..\R5T.Y0000\source\R5T.Y0000\R5T.Y0000.csproj", "{FD6841D7-D698-4306-922C-B2C9993ABAC0}"
EndProject
Project("{9A19103F-16F7-4668-BE54-9A1E7A4F7556}") = "R5T.Z0000", "..\..\R5T.Z0000\source\R5T.Z0000\R5T.Z0000.csproj", "{2B0EC917-A504-428D-9047-A2017634018F}"
EndProject
Project("{9A19103F-16F7-4668-BE54-9A1E7A4F7556}") = "R5T.T0150", "..\..\R5T.T0150\source\R5T.T0150\R5T.T0150.csproj", "{7B9E317D-8324-4CE4-A0FE-BA4BFDD9D475}"
EndProject
Project("{9A19103F-16F7-4668-BE54-9A1E7A4F7556}") = "R5T.T0151", "..\..\R5T.T0151\source\R5T.T0151\R5T.T0151.csproj", "{25B462AC-6C96-4DA4-8DB1-EECD2279D288}"
EndProject
Project("{9A19103F-16F7-4668-BE54-9A1E7A4F7556}") = "R5T.T0172", "..\..\R5T.T0172\source\R5T.T0172\R5T.T0172.csproj", "{AF8A7D72-29C2-47BA-8459-8902E32714DF}"
EndProject
Project("{9A19103F-16F7-4668-BE54-9A1E7A4F7556}") = "R5T.T0185", "..\..\R5T.T0185\source\R5T.T0185\R5T.T0185.csproj", "{B80BFD2C-309A-4326-B16C-58811BD32BEC}"
EndProject
Project("{9A19103F-16F7-4668-BE54-9A1E7A4F7556}") = "R5T.T0187", "..\..\R5T.T0187\source\R5T.T0187\R5T.T0187.csproj", "{349F469B-AF87-4904-AD43-095E95283E23}"
EndProject
Project("{9A19103F-16F7-4668-BE54-9A1E7A4F7556}") = "R5T.Z0044.Z001", "..\..\R5T.Z0044\source\R5T.Z0044.Z001\R5T.Z0044.Z001.csproj", "{9708DE51-15A9-43FA-A61A-9414BC6F99AE}"
EndProject
Global
	GlobalSection(NestedProjects) = preSolution
		{BD582A0B-04A8-4CFB-AFF5-DB722C0D7AC5} = {D28CB731-98D4-45D4-AD5A-A2FCF50CBE9D}
		{E2EDDDC5-1110-4087-A9F4-340079842343} = {D28CB731-98D4-45D4-AD5A-A2FCF50CBE9D}
		{7CFC71B5-8606-425E-9AA5-00D75697C4A9} = {D28CB731-98D4-45D4-AD5A-A2FCF50CBE9D}
		{A5429778-DB52-4E97-9998-C2EF9E5FAFE6} = {D28CB731-98D4-45D4-AD5A-A2FCF50CBE9D}
		{2025DC59-396C-488B-A1F3-87437A5642D7} = {D28CB731-98D4-45D4-AD5A-A2FCF50CBE9D}
		{1CD84A80-BAD2-46C9-91C7-0BC6D973DA88} = {D28CB731-98D4-45D4-AD5A-A2FCF50CBE9D}
		{88A4AEA5-DDC0-43CB-A010-EDE3B43F9B42} = {D28CB731-98D4-45D4-AD5A-A2FCF50CBE9D}
		{016B993A-A607-4261-8C96-52FFBF6A9DBA} = {D28CB731-98D4-45D4-AD5A-A2FCF50CBE9D}
		{8E6EEACC-90F1-4DBF-B4D0-50AD67290399} = {D28CB731-98D4-45D4-AD5A-A2FCF50CBE9D}
		{78929E21-2F50-400E-8B6F-954C212FB3D7} = {D28CB731-98D4-45D4-AD5A-A2FCF50CBE9D}
		{1AA6098B-F723-4915-96FA-1FC160E6AF9E} = {D28CB731-98D4-45D4-AD5A-A2FCF50CBE9D}
		{645CAEA1-EF93-4C16-913C-BE769C1C163D} = {D28CB731-98D4-45D4-AD5A-A2FCF50CBE9D}
		{B2221F7F-999D-4605-A0B8-DCF5F2895A6D} = {D28CB731-98D4-45D4-AD5A-A2FCF50CBE9D}
		{BE10A78C-BF15-4616-90E6-9246D2E36026} = {D28CB731-98D4-45D4-AD5A-A2FCF50CBE9D}
		{DA1DF03C-A0C1-48FD-BD6D-9C66C88EC29E} = {D28CB731-98D4-45D4-AD5A-A2FCF50CBE9D}
		{64C7C060-4184-42CB-A6F9-FCACCE29CF71} = {D28CB731-98D4-45D4-AD5A-A2FCF50CBE9D}
		{75A40755-3DB8-40D4-9D29-3D372C855836} = {D28CB731-98D4-45D4-AD5A-A2FCF50CBE9D}
		{A8F9B0F2-29E4-45AE-8680-DBF681D3A249} = {D28CB731-98D4-45D4-AD5A-A2FCF50CBE9D}
		{EEA523DE-CF04-455A-81FD-4C013839EC55} = {D28CB731-98D4-45D4-AD5A-A2FCF50CBE9D}
		{09E56D15-7172-458B-A2C8-985A154AD743} = {D28CB731-98D4-45D4-AD5A-A2FCF50CBE9D}
		{86D6DFDB-3C3B-422B-B096-1ABA3AEADE59} = {D28CB731-98D4-45D4-AD5A-A2FCF50CBE9D}
		{FD6841D7-D698-4306-922C-B2C9993ABAC0} = {D28CB731-98D4-45D4-AD5A-A2FCF50CBE9D}
		{2B0EC917-A504-428D-9047-A2017634018F} = {D28CB731-98D4-45D4-AD5A-A2FCF50CBE9D}
		{7B9E317D-8324-4CE4-A0FE-BA4BFDD9D475} = {D28CB731-98D4-45D4-AD5A-A2FCF50CBE9D}
		{25B462AC-6C96-4DA4-8DB1-EECD2279D288} = {D28CB731-98D4-45D4-AD5A-A2FCF50CBE9D}
		{AF8A7D72-29C2-47BA-8459-8902E32714DF} = {D28CB731-98D4-45D4-AD5A-A2FCF50CBE9D}
		{B80BFD2C-309A-4326-B16C-58811BD32BEC} = {D28CB731-98D4-45D4-AD5A-A2FCF50CBE9D}
		{349F469B-AF87-4904-AD43-095E95283E23} = {D28CB731-98D4-45D4-AD5A-A2FCF50CBE9D}
		{9708DE51-15A9-43FA-A61A-9414BC6F99AE} = {D28CB731-98D4-45D4-AD5A-A2FCF50CBE9D}
	EndGlobalSection
	GlobalSection(SolutionConfigurationPlatforms) = preSolution
		Debug|Any CPU = Debug|Any CPU
		Release|Any CPU = Release|Any CPU
	EndGlobalSection
	GlobalSection(ProjectConfigurationPlatforms) = postSolution
		{9C5D6095-22C8-4B8D-8ABC-B71C66C305C8}.Debug|Any CPU.ActiveCfg = Debug|Any CPU
		{9C5D6095-22C8-4B8D-8ABC-B71C66C305C8}.Debug|Any CPU.Build.0 = Debug|Any CPU
		{9C5D6095-22C8-4B8D-8ABC-B71C66C305C8}.Release|Any CPU.ActiveCfg = Release|Any CPU
		{9C5D6095-22C8-4B8D-8ABC-B71C66C305C8}.Release|Any CPU.Build.0 = Release|Any CPU
		{BD582A0B-04A8-4CFB-AFF5-DB722C0D7AC5}.Debug|Any CPU.ActiveCfg = Debug|Any CPU
		{BD582A0B-04A8-4CFB-AFF5-DB722C0D7AC5}.Debug|Any CPU.Build.0 = Debug|Any CPU
		{BD582A0B-04A8-4CFB-AFF5-DB722C0D7AC5}.Release|Any CPU.ActiveCfg = Release|Any CPU
		{BD582A0B-04A8-4CFB-AFF5-DB722C0D7AC5}.Release|Any CPU.Build.0 = Release|Any CPU
		{E2EDDDC5-1110-4087-A9F4-340079842343}.Debug|Any CPU.ActiveCfg = Debug|Any CPU
		{E2EDDDC5-1110-4087-A9F4-340079842343}.Debug|Any CPU.Build.0 = Debug|Any CPU
		{E2EDDDC5-1110-4087-A9F4-340079842343}.Release|Any CPU.ActiveCfg = Release|Any CPU
		{E2EDDDC5-1110-4087-A9F4-340079842343}.Release|Any CPU.Build.0 = Release|Any CPU
		{7CFC71B5-8606-425E-9AA5-00D75697C4A9}.Debug|Any CPU.ActiveCfg = Debug|Any CPU
		{7CFC71B5-8606-425E-9AA5-00D75697C4A9}.Debug|Any CPU.Build.0 = Debug|Any CPU
		{7CFC71B5-8606-425E-9AA5-00D75697C4A9}.Release|Any CPU.ActiveCfg = Release|Any CPU
		{7CFC71B5-8606-425E-9AA5-00D75697C4A9}.Release|Any CPU.Build.0 = Release|Any CPU
		{A5429778-DB52-4E97-9998-C2EF9E5FAFE6}.Debug|Any CPU.ActiveCfg = Debug|Any CPU
		{A5429778-DB52-4E97-9998-C2EF9E5FAFE6}.Debug|Any CPU.Build.0 = Debug|Any CPU
		{A5429778-DB52-4E97-9998-C2EF9E5FAFE6}.Release|Any CPU.ActiveCfg = Release|Any CPU
		{A5429778-DB52-4E97-9998-C2EF9E5FAFE6}.Release|Any CPU.Build.0 = Release|Any CPU
		{2025DC59-396C-488B-A1F3-87437A5642D7}.Debug|Any CPU.ActiveCfg = Debug|Any CPU
		{2025DC59-396C-488B-A1F3-87437A5642D7}.Debug|Any CPU.Build.0 = Debug|Any CPU
		{2025DC59-396C-488B-A1F3-87437A5642D7}.Release|Any CPU.ActiveCfg = Release|Any CPU
		{2025DC59-396C-488B-A1F3-87437A5642D7}.Release|Any CPU.Build.0 = Release|Any CPU
		{1CD84A80-BAD2-46C9-91C7-0BC6D973DA88}.Debug|Any CPU.ActiveCfg = Debug|Any CPU
		{1CD84A80-BAD2-46C9-91C7-0BC6D973DA88}.Debug|Any CPU.Build.0 = Debug|Any CPU
		{1CD84A80-BAD2-46C9-91C7-0BC6D973DA88}.Release|Any CPU.ActiveCfg = Release|Any CPU
		{1CD84A80-BAD2-46C9-91C7-0BC6D973DA88}.Release|Any CPU.Build.0 = Release|Any CPU
		{88A4AEA5-DDC0-43CB-A010-EDE3B43F9B42}.Debug|Any CPU.ActiveCfg = Debug|Any CPU
		{88A4AEA5-DDC0-43CB-A010-EDE3B43F9B42}.Debug|Any CPU.Build.0 = Debug|Any CPU
		{88A4AEA5-DDC0-43CB-A010-EDE3B43F9B42}.Release|Any CPU.ActiveCfg = Release|Any CPU
		{88A4AEA5-DDC0-43CB-A010-EDE3B43F9B42}.Release|Any CPU.Build.0 = Release|Any CPU
		{016B993A-A607-4261-8C96-52FFBF6A9DBA}.Debug|Any CPU.ActiveCfg = Debug|Any CPU
		{016B993A-A607-4261-8C96-52FFBF6A9DBA}.Debug|Any CPU.Build.0 = Debug|Any CPU
		{016B993A-A607-4261-8C96-52FFBF6A9DBA}.Release|Any CPU.ActiveCfg = Release|Any CPU
		{016B993A-A607-4261-8C96-52FFBF6A9DBA}.Release|Any CPU.Build.0 = Release|Any CPU
		{8E6EEACC-90F1-4DBF-B4D0-50AD67290399}.Debug|Any CPU.ActiveCfg = Debug|Any CPU
		{8E6EEACC-90F1-4DBF-B4D0-50AD67290399}.Debug|Any CPU.Build.0 = Debug|Any CPU
		{8E6EEACC-90F1-4DBF-B4D0-50AD67290399}.Release|Any CPU.ActiveCfg = Release|Any CPU
		{8E6EEACC-90F1-4DBF-B4D0-50AD67290399}.Release|Any CPU.Build.0 = Release|Any CPU
		{78929E21-2F50-400E-8B6F-954C212FB3D7}.Debug|Any CPU.ActiveCfg = Debug|Any CPU
		{78929E21-2F50-400E-8B6F-954C212FB3D7}.Debug|Any CPU.Build.0 = Debug|Any CPU
		{78929E21-2F50-400E-8B6F-954C212FB3D7}.Release|Any CPU.ActiveCfg = Release|Any CPU
		{78929E21-2F50-400E-8B6F-954C212FB3D7}.Release|Any CPU.Build.0 = Release|Any CPU
		{1AA6098B-F723-4915-96FA-1FC160E6AF9E}.Debug|Any CPU.ActiveCfg = Debug|Any CPU
		{1AA6098B-F723-4915-96FA-1FC160E6AF9E}.Debug|Any CPU.Build.0 = Debug|Any CPU
		{1AA6098B-F723-4915-96FA-1FC160E6AF9E}.Release|Any CPU.ActiveCfg = Release|Any CPU
		{1AA6098B-F723-4915-96FA-1FC160E6AF9E}.Release|Any CPU.Build.0 = Release|Any CPU
		{645CAEA1-EF93-4C16-913C-BE769C1C163D}.Debug|Any CPU.ActiveCfg = Debug|Any CPU
		{645CAEA1-EF93-4C16-913C-BE769C1C163D}.Debug|Any CPU.Build.0 = Debug|Any CPU
		{645CAEA1-EF93-4C16-913C-BE769C1C163D}.Release|Any CPU.ActiveCfg = Release|Any CPU
		{645CAEA1-EF93-4C16-913C-BE769C1C163D}.Release|Any CPU.Build.0 = Release|Any CPU
		{B2221F7F-999D-4605-A0B8-DCF5F2895A6D}.Debug|Any CPU.ActiveCfg = Debug|Any CPU
		{B2221F7F-999D-4605-A0B8-DCF5F2895A6D}.Debug|Any CPU.Build.0 = Debug|Any CPU
		{B2221F7F-999D-4605-A0B8-DCF5F2895A6D}.Release|Any CPU.ActiveCfg = Release|Any CPU
		{B2221F7F-999D-4605-A0B8-DCF5F2895A6D}.Release|Any CPU.Build.0 = Release|Any CPU
		{BE10A78C-BF15-4616-90E6-9246D2E36026}.Debug|Any CPU.ActiveCfg = Debug|Any CPU
		{BE10A78C-BF15-4616-90E6-9246D2E36026}.Debug|Any CPU.Build.0 = Debug|Any CPU
		{BE10A78C-BF15-4616-90E6-9246D2E36026}.Release|Any CPU.ActiveCfg = Release|Any CPU
		{BE10A78C-BF15-4616-90E6-9246D2E36026}.Release|Any CPU.Build.0 = Release|Any CPU
		{DA1DF03C-A0C1-48FD-BD6D-9C66C88EC29E}.Debug|Any CPU.ActiveCfg = Debug|Any CPU
		{DA1DF03C-A0C1-48FD-BD6D-9C66C88EC29E}.Debug|Any CPU.Build.0 = Debug|Any CPU
		{DA1DF03C-A0C1-48FD-BD6D-9C66C88EC29E}.Release|Any CPU.ActiveCfg = Release|Any CPU
		{DA1DF03C-A0C1-48FD-BD6D-9C66C88EC29E}.Release|Any CPU.Build.0 = Release|Any CPU
		{64C7C060-4184-42CB-A6F9-FCACCE29CF71}.Debug|Any CPU.ActiveCfg = Debug|Any CPU
		{64C7C060-4184-42CB-A6F9-FCACCE29CF71}.Debug|Any CPU.Build.0 = Debug|Any CPU
		{64C7C060-4184-42CB-A6F9-FCACCE29CF71}.Release|Any CPU.ActiveCfg = Release|Any CPU
		{64C7C060-4184-42CB-A6F9-FCACCE29CF71}.Release|Any CPU.Build.0 = Release|Any CPU
		{75A40755-3DB8-40D4-9D29-3D372C855836}.Debug|Any CPU.ActiveCfg = Debug|Any CPU
		{75A40755-3DB8-40D4-9D29-3D372C855836}.Debug|Any CPU.Build.0 = Debug|Any CPU
		{75A40755-3DB8-40D4-9D29-3D372C855836}.Release|Any CPU.ActiveCfg = Release|Any CPU
		{75A40755-3DB8-40D4-9D29-3D372C855836}.Release|Any CPU.Build.0 = Release|Any CPU
		{A8F9B0F2-29E4-45AE-8680-DBF681D3A249}.Debug|Any CPU.ActiveCfg = Debug|Any CPU
		{A8F9B0F2-29E4-45AE-8680-DBF681D3A249}.Debug|Any CPU.Build.0 = Debug|Any CPU
		{A8F9B0F2-29E4-45AE-8680-DBF681D3A249}.Release|Any CPU.ActiveCfg = Release|Any CPU
		{A8F9B0F2-29E4-45AE-8680-DBF681D3A249}.Release|Any CPU.Build.0 = Release|Any CPU
		{EEA523DE-CF04-455A-81FD-4C013839EC55}.Debug|Any CPU.ActiveCfg = Debug|Any CPU
		{EEA523DE-CF04-455A-81FD-4C013839EC55}.Debug|Any CPU.Build.0 = Debug|Any CPU
		{EEA523DE-CF04-455A-81FD-4C013839EC55}.Release|Any CPU.ActiveCfg = Release|Any CPU
		{EEA523DE-CF04-455A-81FD-4C013839EC55}.Release|Any CPU.Build.0 = Release|Any CPU
		{09E56D15-7172-458B-A2C8-985A154AD743}.Debug|Any CPU.ActiveCfg = Debug|Any CPU
		{09E56D15-7172-458B-A2C8-985A154AD743}.Debug|Any CPU.Build.0 = Debug|Any CPU
		{09E56D15-7172-458B-A2C8-985A154AD743}.Release|Any CPU.ActiveCfg = Release|Any CPU
		{09E56D15-7172-458B-A2C8-985A154AD743}.Release|Any CPU.Build.0 = Release|Any CPU
		{86D6DFDB-3C3B-422B-B096-1ABA3AEADE59}.Debug|Any CPU.ActiveCfg = Debug|Any CPU
		{86D6DFDB-3C3B-422B-B096-1ABA3AEADE59}.Debug|Any CPU.Build.0 = Debug|Any CPU
		{86D6DFDB-3C3B-422B-B096-1ABA3AEADE59}.Release|Any CPU.ActiveCfg = Release|Any CPU
		{86D6DFDB-3C3B-422B-B096-1ABA3AEADE59}.Release|Any CPU.Build.0 = Release|Any CPU
		{FD6841D7-D698-4306-922C-B2C9993ABAC0}.Debug|Any CPU.ActiveCfg = Debug|Any CPU
		{FD6841D7-D698-4306-922C-B2C9993ABAC0}.Debug|Any CPU.Build.0 = Debug|Any CPU
		{FD6841D7-D698-4306-922C-B2C9993ABAC0}.Release|Any CPU.ActiveCfg = Release|Any CPU
		{FD6841D7-D698-4306-922C-B2C9993ABAC0}.Release|Any CPU.Build.0 = Release|Any CPU
		{2B0EC917-A504-428D-9047-A2017634018F}.Debug|Any CPU.ActiveCfg = Debug|Any CPU
		{2B0EC917-A504-428D-9047-A2017634018F}.Debug|Any CPU.Build.0 = Debug|Any CPU
		{2B0EC917-A504-428D-9047-A2017634018F}.Release|Any CPU.ActiveCfg = Release|Any CPU
		{2B0EC917-A504-428D-9047-A2017634018F}.Release|Any CPU.Build.0 = Release|Any CPU
		{7B9E317D-8324-4CE4-A0FE-BA4BFDD9D475}.Debug|Any CPU.ActiveCfg = Debug|Any CPU
		{7B9E317D-8324-4CE4-A0FE-BA4BFDD9D475}.Debug|Any CPU.Build.0 = Debug|Any CPU
		{7B9E317D-8324-4CE4-A0FE-BA4BFDD9D475}.Release|Any CPU.ActiveCfg = Release|Any CPU
		{7B9E317D-8324-4CE4-A0FE-BA4BFDD9D475}.Release|Any CPU.Build.0 = Release|Any CPU
		{25B462AC-6C96-4DA4-8DB1-EECD2279D288}.Debug|Any CPU.ActiveCfg = Debug|Any CPU
		{25B462AC-6C96-4DA4-8DB1-EECD2279D288}.Debug|Any CPU.Build.0 = Debug|Any CPU
		{25B462AC-6C96-4DA4-8DB1-EECD2279D288}.Release|Any CPU.ActiveCfg = Release|Any CPU
		{25B462AC-6C96-4DA4-8DB1-EECD2279D288}.Release|Any CPU.Build.0 = Release|Any CPU
		{AF8A7D72-29C2-47BA-8459-8902E32714DF}.Debug|Any CPU.ActiveCfg = Debug|Any CPU
		{AF8A7D72-29C2-47BA-8459-8902E32714DF}.Debug|Any CPU.Build.0 = Debug|Any CPU
		{AF8A7D72-29C2-47BA-8459-8902E32714DF}.Release|Any CPU.ActiveCfg = Release|Any CPU
		{AF8A7D72-29C2-47BA-8459-8902E32714DF}.Release|Any CPU.Build.0 = Release|Any CPU
		{B80BFD2C-309A-4326-B16C-58811BD32BEC}.Debug|Any CPU.ActiveCfg = Debug|Any CPU
		{B80BFD2C-309A-4326-B16C-58811BD32BEC}.Debug|Any CPU.Build.0 = Debug|Any CPU
		{B80BFD2C-309A-4326-B16C-58811BD32BEC}.Release|Any CPU.ActiveCfg = Release|Any CPU
		{B80BFD2C-309A-4326-B16C-58811BD32BEC}.Release|Any CPU.Build.0 = Release|Any CPU
		{349F469B-AF87-4904-AD43-095E95283E23}.Debug|Any CPU.ActiveCfg = Debug|Any CPU
		{349F469B-AF87-4904-AD43-095E95283E23}.Debug|Any CPU.Build.0 = Debug|Any CPU
		{349F469B-AF87-4904-AD43-095E95283E23}.Release|Any CPU.ActiveCfg = Release|Any CPU
		{349F469B-AF87-4904-AD43-095E95283E23}.Release|Any CPU.Build.0 = Release|Any CPU
		{9708DE51-15A9-43FA-A61A-9414BC6F99AE}.Debug|Any CPU.ActiveCfg = Debug|Any CPU
		{9708DE51-15A9-43FA-A61A-9414BC6F99AE}.Debug|Any CPU.Build.0 = Debug|Any CPU
		{9708DE51-15A9-43FA-A61A-9414BC6F99AE}.Release|Any CPU.ActiveCfg = Release|Any CPU
		{9708DE51-15A9-43FA-A61A-9414BC6F99AE}.Release|Any CPU.Build.0 = Release|Any CPU
	EndGlobalSection
	GlobalSection(SolutionProperties) = preSolution
		HideSolutionNode = FALSE
	EndGlobalSection
	GlobalSection(ExtensibilityGlobals) = postSolution
		SolutionGuid = {32DA2D89-D477-48E2-B2D4-B0C917ABC226}
	EndGlobalSection
EndGlobal
